
Microsoft Visual Studio Solution File, Format Version 12.00
# Visual Studio 2012
Project("{8BC9CEB8-8B4A-11D0-8D11-00A0C91BC942}") = "plum_vcpp", "plum_vcpp\plum_vcpp.vcxproj", "{02DF7887-7645-4143-88F4-CC54BD937E88}"
EndProject
Project("{2150E333-8FDC-42A3-9474-1A3956D46DE8}") = "test", "test", "{49846276-5C7E-4A44-8952-F1C40EE16858}"
EndProject
Project("{8BC9CEB8-8B4A-11D0-8D11-00A0C91BC942}") = "plum_vcpp_test", "test\plum_vcpp_test\plum_vcpp_test.vcxproj", "{E0973BC1-C8CD-4655-806A-5EC61F7EF6F8}"
	ProjectSection(ProjectDependencies) = postProject
		{02DF7887-7645-4143-88F4-CC54BD937E88} = {02DF7887-7645-4143-88F4-CC54BD937E88}
	EndProjectSection
EndProject
Project("{FAE04EC0-301F-11D3-BF4B-00C04F79EFBC}") = "plum_csharp", "plum_csharp\plum_csharp.csproj", "{AD440B8D-6D77-4659-87CF-C5DC48A58B58}"
EndProject
Project("{FAE04EC0-301F-11D3-BF4B-00C04F79EFBC}") = "plum_csharp_test", "test\plum_csharp_test\plum_csharp_test.csproj", "{57A045B6-45A7-4360-8F62-74570CA66B3A}"
EndProject
Project("{FAE04EC0-301F-11D3-BF4B-00C04F79EFBC}") = "plum_csharp_test2", "test\plum_csharp_test2\plum_csharp_test2.csproj", "{5F20D79C-34FC-4B6C-ABFF-81132F83CCAA}"
EndProject
Project("{F184B08F-C81C-45F6-A57F-5ABD9991F28F}") = "plum_vb", "plum_vb\plum_vb.vbproj", "{C6C53C3F-8E94-4200-A704-D7A86C708BC8}"
EndProject
Project("{F184B08F-C81C-45F6-A57F-5ABD9991F28F}") = "plum_vb_test", "test\plum_vb_test\plum_vb_test.vbproj", "{DF81EEAC-9696-4E79-8DEC-31ECB9F2E494}"
EndProject
Global
	GlobalSection(SolutionConfigurationPlatforms) = preSolution
		Debug|Any CPU = Debug|Any CPU
		Debug|Mixed Platforms = Debug|Mixed Platforms
		Debug|x64 = Debug|x64
		Debug|x86 = Debug|x86
		Release|Any CPU = Release|Any CPU
		Release|Mixed Platforms = Release|Mixed Platforms
		Release|x64 = Release|x64
		Release|x86 = Release|x86
	EndGlobalSection
	GlobalSection(ProjectConfigurationPlatforms) = postSolution
		{02DF7887-7645-4143-88F4-CC54BD937E88}.Debug|Any CPU.ActiveCfg = Debug|Win32
		{02DF7887-7645-4143-88F4-CC54BD937E88}.Debug|Mixed Platforms.ActiveCfg = Debug|Win32
		{02DF7887-7645-4143-88F4-CC54BD937E88}.Debug|Mixed Platforms.Build.0 = Debug|Win32
		{02DF7887-7645-4143-88F4-CC54BD937E88}.Debug|Mixed Platforms.Deploy.0 = Debug|Win32
		{02DF7887-7645-4143-88F4-CC54BD937E88}.Debug|x64.ActiveCfg = Debug|x64
		{02DF7887-7645-4143-88F4-CC54BD937E88}.Debug|x64.Build.0 = Debug|x64
		{02DF7887-7645-4143-88F4-CC54BD937E88}.Debug|x86.ActiveCfg = Debug|Win32
		{02DF7887-7645-4143-88F4-CC54BD937E88}.Debug|x86.Build.0 = Debug|Win32
		{02DF7887-7645-4143-88F4-CC54BD937E88}.Release|Any CPU.ActiveCfg = Release|Win32
		{02DF7887-7645-4143-88F4-CC54BD937E88}.Release|Mixed Platforms.ActiveCfg = Release|Win32
		{02DF7887-7645-4143-88F4-CC54BD937E88}.Release|Mixed Platforms.Build.0 = Release|Win32
		{02DF7887-7645-4143-88F4-CC54BD937E88}.Release|Mixed Platforms.Deploy.0 = Release|Win32
		{02DF7887-7645-4143-88F4-CC54BD937E88}.Release|x64.ActiveCfg = Release|x64
		{02DF7887-7645-4143-88F4-CC54BD937E88}.Release|x64.Build.0 = Release|x64
		{02DF7887-7645-4143-88F4-CC54BD937E88}.Release|x86.ActiveCfg = Release|Win32
		{02DF7887-7645-4143-88F4-CC54BD937E88}.Release|x86.Build.0 = Release|Win32
		{E0973BC1-C8CD-4655-806A-5EC61F7EF6F8}.Debug|Any CPU.ActiveCfg = Debug|Win32
		{E0973BC1-C8CD-4655-806A-5EC61F7EF6F8}.Debug|Mixed Platforms.ActiveCfg = Debug|Win32
		{E0973BC1-C8CD-4655-806A-5EC61F7EF6F8}.Debug|Mixed Platforms.Build.0 = Debug|Win32
		{E0973BC1-C8CD-4655-806A-5EC61F7EF6F8}.Debug|Mixed Platforms.Deploy.0 = Debug|Win32
		{E0973BC1-C8CD-4655-806A-5EC61F7EF6F8}.Debug|x64.ActiveCfg = Debug|x64
		{E0973BC1-C8CD-4655-806A-5EC61F7EF6F8}.Debug|x64.Build.0 = Debug|x64
		{E0973BC1-C8CD-4655-806A-5EC61F7EF6F8}.Debug|x86.ActiveCfg = Debug|Win32
		{E0973BC1-C8CD-4655-806A-5EC61F7EF6F8}.Debug|x86.Build.0 = Debug|Win32
		{E0973BC1-C8CD-4655-806A-5EC61F7EF6F8}.Release|Any CPU.ActiveCfg = Release|Win32
		{E0973BC1-C8CD-4655-806A-5EC61F7EF6F8}.Release|Mixed Platforms.ActiveCfg = Release|Win32
		{E0973BC1-C8CD-4655-806A-5EC61F7EF6F8}.Release|Mixed Platforms.Build.0 = Release|Win32
		{E0973BC1-C8CD-4655-806A-5EC61F7EF6F8}.Release|Mixed Platforms.Deploy.0 = Release|Win32
		{E0973BC1-C8CD-4655-806A-5EC61F7EF6F8}.Release|x64.ActiveCfg = Release|x64
		{E0973BC1-C8CD-4655-806A-5EC61F7EF6F8}.Release|x64.Build.0 = Release|x64
		{E0973BC1-C8CD-4655-806A-5EC61F7EF6F8}.Release|x86.ActiveCfg = Release|Win32
		{E0973BC1-C8CD-4655-806A-5EC61F7EF6F8}.Release|x86.Build.0 = Release|Win32
		{AD440B8D-6D77-4659-87CF-C5DC48A58B58}.Debug|Any CPU.ActiveCfg = Debug|Any CPU
		{AD440B8D-6D77-4659-87CF-C5DC48A58B58}.Debug|Any CPU.Build.0 = Debug|Any CPU
		{AD440B8D-6D77-4659-87CF-C5DC48A58B58}.Debug|Mixed Platforms.ActiveCfg = Debug|Any CPU
		{AD440B8D-6D77-4659-87CF-C5DC48A58B58}.Debug|Mixed Platforms.Build.0 = Debug|Any CPU
		{AD440B8D-6D77-4659-87CF-C5DC48A58B58}.Debug|x64.ActiveCfg = Debug|Any CPU
		{AD440B8D-6D77-4659-87CF-C5DC48A58B58}.Debug|x64.Build.0 = Debug|Any CPU
		{AD440B8D-6D77-4659-87CF-C5DC48A58B58}.Debug|x86.ActiveCfg = Debug|Any CPU
		{AD440B8D-6D77-4659-87CF-C5DC48A58B58}.Debug|x86.Build.0 = Debug|Any CPU
		{AD440B8D-6D77-4659-87CF-C5DC48A58B58}.Release|Any CPU.ActiveCfg = Release|Any CPU
		{AD440B8D-6D77-4659-87CF-C5DC48A58B58}.Release|Any CPU.Build.0 = Release|Any CPU
		{AD440B8D-6D77-4659-87CF-C5DC48A58B58}.Release|Mixed Platforms.ActiveCfg = Release|Any CPU
		{AD440B8D-6D77-4659-87CF-C5DC48A58B58}.Release|Mixed Platforms.Build.0 = Release|Any CPU
		{AD440B8D-6D77-4659-87CF-C5DC48A58B58}.Release|x64.ActiveCfg = Release|Any CPU
		{AD440B8D-6D77-4659-87CF-C5DC48A58B58}.Release|x64.Build.0 = Release|Any CPU
		{AD440B8D-6D77-4659-87CF-C5DC48A58B58}.Release|x86.ActiveCfg = Release|Any CPU
		{AD440B8D-6D77-4659-87CF-C5DC48A58B58}.Release|x86.Build.0 = Release|Any CPU
		{57A045B6-45A7-4360-8F62-74570CA66B3A}.Debug|Any CPU.ActiveCfg = Debug|x86
		{57A045B6-45A7-4360-8F62-74570CA66B3A}.Debug|Mixed Platforms.ActiveCfg = Debug|x86
		{57A045B6-45A7-4360-8F62-74570CA66B3A}.Debug|Mixed Platforms.Build.0 = Debug|x86
		{57A045B6-45A7-4360-8F62-74570CA66B3A}.Debug|x64.ActiveCfg = Debug|x64
		{57A045B6-45A7-4360-8F62-74570CA66B3A}.Debug|x64.Build.0 = Debug|x64
		{57A045B6-45A7-4360-8F62-74570CA66B3A}.Debug|x86.ActiveCfg = Debug|x86
		{57A045B6-45A7-4360-8F62-74570CA66B3A}.Debug|x86.Build.0 = Debug|x86
		{57A045B6-45A7-4360-8F62-74570CA66B3A}.Release|Any CPU.ActiveCfg = Release|x86
		{57A045B6-45A7-4360-8F62-74570CA66B3A}.Release|Mixed Platforms.ActiveCfg = Release|x86
		{57A045B6-45A7-4360-8F62-74570CA66B3A}.Release|Mixed Platforms.Build.0 = Release|x86
		{57A045B6-45A7-4360-8F62-74570CA66B3A}.Release|x64.ActiveCfg = Release|x64
		{57A045B6-45A7-4360-8F62-74570CA66B3A}.Release|x64.Build.0 = Release|x64
		{57A045B6-45A7-4360-8F62-74570CA66B3A}.Release|x86.ActiveCfg = Release|x86
		{57A045B6-45A7-4360-8F62-74570CA66B3A}.Release|x86.Build.0 = Release|x86
		{5F20D79C-34FC-4B6C-ABFF-81132F83CCAA}.Debug|Any CPU.ActiveCfg = Debug|x86
		{5F20D79C-34FC-4B6C-ABFF-81132F83CCAA}.Debug|Mixed Platforms.ActiveCfg = Debug|x86
		{5F20D79C-34FC-4B6C-ABFF-81132F83CCAA}.Debug|Mixed Platforms.Build.0 = Debug|x86
		{5F20D79C-34FC-4B6C-ABFF-81132F83CCAA}.Debug|x64.ActiveCfg = Debug|x64
		{5F20D79C-34FC-4B6C-ABFF-81132F83CCAA}.Debug|x64.Build.0 = Debug|x64
		{5F20D79C-34FC-4B6C-ABFF-81132F83CCAA}.Debug|x86.ActiveCfg = Debug|x86
		{5F20D79C-34FC-4B6C-ABFF-81132F83CCAA}.Debug|x86.Build.0 = Debug|x86
		{5F20D79C-34FC-4B6C-ABFF-81132F83CCAA}.Release|Any CPU.ActiveCfg = Release|x86
		{5F20D79C-34FC-4B6C-ABFF-81132F83CCAA}.Release|Mixed Platforms.ActiveCfg = Release|x86
		{5F20D79C-34FC-4B6C-ABFF-81132F83CCAA}.Release|Mixed Platforms.Build.0 = Release|x86
		{5F20D79C-34FC-4B6C-ABFF-81132F83CCAA}.Release|x64.ActiveCfg = Release|x64
		{5F20D79C-34FC-4B6C-ABFF-81132F83CCAA}.Release|x64.Build.0 = Release|x64
		{5F20D79C-34FC-4B6C-ABFF-81132F83CCAA}.Release|x86.ActiveCfg = Release|x86
		{5F20D79C-34FC-4B6C-ABFF-81132F83CCAA}.Release|x86.Build.0 = Release|x86
		{C6C53C3F-8E94-4200-A704-D7A86C708BC8}.Debug|Any CPU.ActiveCfg = Debug|Any CPU
		{C6C53C3F-8E94-4200-A704-D7A86C708BC8}.Debug|Any CPU.Build.0 = Debug|Any CPU
		{C6C53C3F-8E94-4200-A704-D7A86C708BC8}.Debug|Mixed Platforms.ActiveCfg = Debug|Any CPU
		{C6C53C3F-8E94-4200-A704-D7A86C708BC8}.Debug|Mixed Platforms.Build.0 = Debug|Any CPU
		{C6C53C3F-8E94-4200-A704-D7A86C708BC8}.Debug|x64.ActiveCfg = Debug|Any CPU
		{C6C53C3F-8E94-4200-A704-D7A86C708BC8}.Debug|x64.Build.0 = Debug|Any CPU
		{C6C53C3F-8E94-4200-A704-D7A86C708BC8}.Debug|x86.ActiveCfg = Debug|Any CPU
		{C6C53C3F-8E94-4200-A704-D7A86C708BC8}.Debug|x86.Build.0 = Debug|Any CPU
		{C6C53C3F-8E94-4200-A704-D7A86C708BC8}.Release|Any CPU.ActiveCfg = Release|Any CPU
		{C6C53C3F-8E94-4200-A704-D7A86C708BC8}.Release|Any CPU.Build.0 = Release|Any CPU
		{C6C53C3F-8E94-4200-A704-D7A86C708BC8}.Release|Mixed Platforms.ActiveCfg = Release|Any CPU
		{C6C53C3F-8E94-4200-A704-D7A86C708BC8}.Release|Mixed Platforms.Build.0 = Release|Any CPU
		{C6C53C3F-8E94-4200-A704-D7A86C708BC8}.Release|x64.ActiveCfg = Release|Any CPU
		{C6C53C3F-8E94-4200-A704-D7A86C708BC8}.Release|x64.Build.0 = Release|Any CPU
		{C6C53C3F-8E94-4200-A704-D7A86C708BC8}.Release|x86.ActiveCfg = Release|Any CPU
		{C6C53C3F-8E94-4200-A704-D7A86C708BC8}.Release|x86.Build.0 = Release|Any CPU
		{DF81EEAC-9696-4E79-8DEC-31ECB9F2E494}.Debug|Any CPU.ActiveCfg = Debug|Any CPU
		{DF81EEAC-9696-4E79-8DEC-31ECB9F2E494}.Debug|Any CPU.Build.0 = Debug|Any CPU
		{DF81EEAC-9696-4E79-8DEC-31ECB9F2E494}.Debug|Mixed Platforms.ActiveCfg = Debug|Any CPU
		{DF81EEAC-9696-4E79-8DEC-31ECB9F2E494}.Debug|Mixed Platforms.Build.0 = Debug|Any CPU
		{DF81EEAC-9696-4E79-8DEC-31ECB9F2E494}.Debug|x64.ActiveCfg = Debug|Any CPU
		{DF81EEAC-9696-4E79-8DEC-31ECB9F2E494}.Debug|x86.ActiveCfg = Debug|Any CPU
		{DF81EEAC-9696-4E79-8DEC-31ECB9F2E494}.Release|Any CPU.ActiveCfg = Release|Any CPU
		{DF81EEAC-9696-4E79-8DEC-31ECB9F2E494}.Release|Any CPU.Build.0 = Release|Any CPU
		{DF81EEAC-9696-4E79-8DEC-31ECB9F2E494}.Release|Mixed Platforms.ActiveCfg = Release|Any CPU
		{DF81EEAC-9696-4E79-8DEC-31ECB9F2E494}.Release|Mixed Platforms.Build.0 = Release|Any CPU
		{DF81EEAC-9696-4E79-8DEC-31ECB9F2E494}.Release|x64.ActiveCfg = Release|Any CPU
		{DF81EEAC-9696-4E79-8DEC-31ECB9F2E494}.Release|x86.ActiveCfg = Release|Any CPU
	EndGlobalSection
	GlobalSection(SolutionProperties) = preSolution
		HideSolutionNode = FALSE
	EndGlobalSection
	GlobalSection(NestedProjects) = preSolution
		{E0973BC1-C8CD-4655-806A-5EC61F7EF6F8} = {49846276-5C7E-4A44-8952-F1C40EE16858}
		{57A045B6-45A7-4360-8F62-74570CA66B3A} = {49846276-5C7E-4A44-8952-F1C40EE16858}
		{5F20D79C-34FC-4B6C-ABFF-81132F83CCAA} = {49846276-5C7E-4A44-8952-F1C40EE16858}
		{DF81EEAC-9696-4E79-8DEC-31ECB9F2E494} = {49846276-5C7E-4A44-8952-F1C40EE16858}
	EndGlobalSection
EndGlobal
